<?xml version="1.0" encoding="utf-8"?>
<Project ToolsVersion="4.0" xmlns="http://schemas.microsoft.com/developer/msbuild/2003">
  <ItemGroup>
    <Filter Include="Source Files">
      <UniqueIdentifier>{863aecfc-4d6c-4111-8639-0f907c46d727}</UniqueIdentifier>
      <Extensions>cpp;c;cxx;rc;def;r;odl;idl;hpj;bat</Extensions>
    </Filter>
    <Filter Include="Header Files">
      <UniqueIdentifier>{82eb2836-8fa4-47d4-bcbd-fcc14a29327e}</UniqueIdentifier>
      <Extensions>h;hpp;hxx;hm;inl</Extensions>
    </Filter>
    <Filter Include="Resource Files">
      <UniqueIdentifier>{59287d92-c0d5-46a9-8c00-67202f38e6e6}</UniqueIdentifier>
      <Extensions>ico;cur;bmp;dlg;rc2;rct;bin;rgs;gif;jpg;jpeg;jpe</Extensions>
    </Filter>
    <Filter Include="Shared">
      <UniqueIdentifier>{55d67395-849f-475d-b15c-6a5308cb778d}</UniqueIdentifier>
    </Filter>
    <Filter Include="Database">
      <UniqueIdentifier>{706b4e8d-2310-4c7d-b258-90fcc239beda}</UniqueIdentifier>
    </Filter>
    <Filter Include="Shared\Networking">
      <UniqueIdentifier>{13f90d3b-2c08-432f-8d04-3085140921c5}</UniqueIdentifier>
    </Filter>
    <Filter Include="Shared\Database">
      <UniqueIdentifier>{a912f630-0b5e-43f1-9edb-8f5801e4eb65}</UniqueIdentifier>
    </Filter>
  </ItemGroup>
  <ItemGroup>
    <ClCompile Include="LoginSession.cpp">
      <Filter>Source Files</Filter>
    </ClCompile>
    <ClCompile Include="..\shared\Ini.cpp">
      <Filter>Shared</Filter>
    </ClCompile>
    <ClCompile Include="..\shared\CircularBuffer.cpp">
      <Filter>Shared\Networking</Filter>
    </ClCompile>
    <ClCompile Include="DBProcess.cpp">
      <Filter>Database</Filter>
    </ClCompile>
    <ClCompile Include="..\shared\SocketMgr.cpp">
      <Filter>Shared\Networking</Filter>
    </ClCompile>
    <ClCompile Include="..\shared\KOSocket.cpp">
      <Filter>Shared\Networking</Filter>
    </ClCompile>
    <ClCompile Include="..\shared\Socket.cpp">
      <Filter>Shared\Networking</Filter>
    </ClCompile>
    <ClCompile Include="..\shared\JvCryption.cpp">
      <Filter>Shared\Networking</Filter>
    </ClCompile>
    <ClCompile Include="..\shared\crc32.cpp">
      <Filter>Shared\Networking</Filter>
    </ClCompile>
    <ClCompile Include="..\shared\lzf.cpp">
      <Filter>Shared\Networking</Filter>
    </ClCompile>
    <ClCompile Include="..\shared\database\OdbcCommand.cpp">
      <Filter>Shared\Database</Filter>
    </ClCompile>
    <ClCompile Include="..\shared\database\OdbcConnection.cpp">
      <Filter>Shared\Database</Filter>
    </ClCompile>
    <ClCompile Include="..\shared\database\OdbcParameter.cpp">
      <Filter>Shared\Database</Filter>
    </ClCompile>
    <ClCompile Include="LoginServer.cpp">
      <Filter>Source Files</Filter>
    </ClCompile>
    <ClCompile Include="main.cpp">
      <Filter>Source Files</Filter>
    </ClCompile>
    <ClCompile Include="..\shared\Condition.cpp">
      <Filter>Shared</Filter>
    </ClCompile>
    <ClCompile Include="..\shared\Mutex.cpp">
      <Filter>Shared</Filter>
    </ClCompile>
    <ClCompile Include="..\shared\RWLock.cpp">
      <Filter>Shared</Filter>
    </ClCompile>
    <ClCompile Include="StdAfx.cpp">
      <Filter>Source Files</Filter>
    </ClCompile>
    <ClCompile Include="..\shared\tstring.cpp">
      <Filter>Shared</Filter>
    </ClCompile>
    <ClCompile Include="..\shared\DebugUtils.cpp">
      <Filter>Shared</Filter>
    </ClCompile>
    <ClCompile Include="..\shared\SocketMgrWin32.cpp">
      <Filter>Shared\Networking</Filter>
    </ClCompile>
    <ClCompile Include="..\shared\SocketOpsWin32.cpp">
      <Filter>Shared\Networking</Filter>
    </ClCompile>
    <ClCompile Include="..\shared\SocketWin32.cpp">
      <Filter>Shared\Networking</Filter>
    </ClCompile>
  </ItemGroup>
  <ItemGroup>
    <ResourceCompile Include="Res\LogInServer.rc">
      <Filter>Source Files</Filter>
    </ResourceCompile>
  </ItemGroup>
  <ItemGroup>
    <ClInclude Include="Define.h">
      <Filter>Header Files</Filter>
    </ClInclude>
    <ClInclude Include="Resource.h">
      <Filter>Header Files</Filter>
    </ClInclude>
    <ClInclude Include="StdAfx.h">
      <Filter>Header Files</Filter>
    </ClInclude>
    <ClInclude Include="..\shared\Ini.h">
      <Filter>Shared</Filter>
    </ClInclude>
    <ClInclude Include="..\shared\CircularBuffer.h">
      <Filter>Shared\Networking</Filter>
    </ClInclude>
    <ClInclude Include="DBProcess.h">
      <Filter>Database</Filter>
    </ClInclude>
    <ClInclude Include="..\shared\Packet.h">
      <Filter>Shared\Networking</Filter>
    </ClInclude>
    <ClInclude Include="..\shared\SocketDefines.h">
      <Filter>Shared\Networking</Filter>
    </ClInclude>
    <ClInclude Include="..\shared\SocketMgr.h">
      <Filter>Shared\Networking</Filter>
    </ClInclude>
    <ClInclude Include="..\shared\KOSocketMgr.h">
      <Filter>Shared\Networking</Filter>
    </ClInclude>
    <ClInclude Include="..\shared\KOSocket.h">
      <Filter>Shared\Networking</Filter>
    </ClInclude>
    <ClInclude Include="..\shared\Socket.h">
      <Filter>Shared\Networking</Filter>
    </ClInclude>
    <ClInclude Include="..\shared\JvCryption.h">
      <Filter>Shared\Networking</Filter>
    </ClInclude>
    <ClInclude Include="..\shared\crc32.h">
      <Filter>Shared\Networking</Filter>
    </ClInclude>
    <ClInclude Include="..\shared\lzf.h">
      <Filter>Shared\Networking</Filter>
    </ClInclude>
    <ClInclude Include="..\shared\database\OdbcParameter.h">
      <Filter>Shared\Database</Filter>
    </ClInclude>
    <ClInclude Include="..\shared\database\OdbcCommand.h">
      <Filter>Shared\Database</Filter>
    </ClInclude>
    <ClInclude Include="..\shared\database\OdbcConnection.h">
      <Filter>Shared\Database</Filter>
    </ClInclude>
    <ClInclude Include="LoginSession.h">
      <Filter>Header Files</Filter>
    </ClInclude>
    <ClInclude Include="LoginServer.h">
      <Filter>Header Files</Filter>
    </ClInclude>
    <ClInclude Include="..\shared\Condition.h">
      <Filter>Shared</Filter>
    </ClInclude>
    <ClInclude Include="..\shared\Mutex.h">
      <Filter>Shared</Filter>
    </ClInclude>
    <ClInclude Include="..\shared\RWLock.h">
      <Filter>Shared</Filter>
    </ClInclude>
    <ClInclude Include="..\shared\DebugUtils.h">
      <Filter>Shared</Filter>
    </ClInclude>
    <ClInclude Include="..\shared\ListenSocketWin32.h">
      <Filter>Shared\Networking</Filter>
    </ClInclude>
    <ClInclude Include="..\shared\SocketMgrWin32.h">
      <Filter>Shared\Networking</Filter>
    </ClInclude>
    <ClInclude Include="..\shared\SocketOps.h">
      <Filter>Shared\Networking</Filter>
    </ClInclude>
  </ItemGroup>
  <ItemGroup>
    <None Include="res\LogInServer.ico">
      <Filter>Resource Files</Filter>
    </None>
    <None Include="res\LogInServer.rc2">
      <Filter>Resource Files</Filter>
    </None>
  </ItemGroup>
</Project>